
Microsoft Visual Studio Solution File, Format Version 12.00
# Visual Studio Version 17
VisualStudioVersion = 17.2.32630.192
MinimumVisualStudioVersion = 10.0.40219.1
Project("{FAE04EC0-301F-11D3-BF4B-00C04F79EFBC}") = "DAL", "DAL\DAL.csproj", "{5C64F49E-AFAF-4162-8256-A997483FF4EA}"
EndProject
Project("{FAE04EC0-301F-11D3-BF4B-00C04F79EFBC}") = "BLL", "BLL\BLL.csproj", "{36270CC8-ABD5-4CB4-B80D-F5640D2B5EE7}"
EndProject
Project("{FAE04EC0-301F-11D3-BF4B-00C04F79EFBC}") = "ConsoleApp", "ConsoleApp\ConsoleApp.csproj", "{B7EA1191-3460-4C14-9202-B95C4EFD6FA3}"
EndProject
Project("{FAE04EC0-301F-11D3-BF4B-00C04F79EFBC}") = "WEB", "WEB\WEB.csproj", "{C7134F09-A221-45F8-8471-36E9F2C2949E}"
EndProject
Global
	GlobalSection(SolutionConfigurationPlatforms) = preSolution
		Debug|Any CPU = Debug|Any CPU
		Release|Any CPU = Release|Any CPU
	EndGlobalSection
	GlobalSection(ProjectConfigurationPlatforms) = postSolution
		{5C64F49E-AFAF-4162-8256-A997483FF4EA}.Debug|Any CPU.ActiveCfg = Debug|Any CPU
		{5C64F49E-AFAF-4162-8256-A997483FF4EA}.Debug|Any CPU.Build.0 = Debug|Any CPU
		{5C64F49E-AFAF-4162-8256-A997483FF4EA}.Release|Any CPU.ActiveCfg = Release|Any CPU
		{5C64F49E-AFAF-4162-8256-A997483FF4EA}.Release|Any CPU.Build.0 = Release|Any CPU
		{36270CC8-ABD5-4CB4-B80D-F5640D2B5EE7}.Debug|Any CPU.ActiveCfg = Debug|Any CPU
		{36270CC8-ABD5-4CB4-B80D-F5640D2B5EE7}.Debug|Any CPU.Build.0 = Debug|Any CPU
		{36270CC8-ABD5-4CB4-B80D-F5640D2B5EE7}.Release|Any CPU.ActiveCfg = Release|Any CPU
		{36270CC8-ABD5-4CB4-B80D-F5640D2B5EE7}.Release|Any CPU.Build.0 = Release|Any CPU
		{B7EA1191-3460-4C14-9202-B95C4EFD6FA3}.Debug|Any CPU.ActiveCfg = Debug|Any CPU
		{B7EA1191-3460-4C14-9202-B95C4EFD6FA3}.Debug|Any CPU.Build.0 = Debug|Any CPU
		{B7EA1191-3460-4C14-9202-B95C4EFD6FA3}.Release|Any CPU.ActiveCfg = Release|Any CPU
		{B7EA1191-3460-4C14-9202-B95C4EFD6FA3}.Release|Any CPU.Build.0 = Release|Any CPU
		{C7134F09-A221-45F8-8471-36E9F2C2949E}.Debug|Any CPU.ActiveCfg = Debug|Any CPU
		{C7134F09-A221-45F8-8471-36E9F2C2949E}.Debug|Any CPU.Build.0 = Debug|Any CPU
		{C7134F09-A221-45F8-8471-36E9F2C2949E}.Release|Any CPU.ActiveCfg = Release|Any CPU
		{C7134F09-A221-45F8-8471-36E9F2C2949E}.Release|Any CPU.Build.0 = Release|Any CPU
	EndGlobalSection
	GlobalSection(SolutionProperties) = preSolution
		HideSolutionNode = FALSE
	EndGlobalSection
	GlobalSection(ExtensibilityGlobals) = postSolution
		SolutionGuid = {B1117E4B-1B36-49FA-B572-BB0F3E8FF176}
	EndGlobalSection
EndGlobal
